
Microsoft Visual Studio Solution File, Format Version 12.00
# Visual Studio Version 16
VisualStudioVersion = 16.0.29509.3
MinimumVisualStudioVersion = 10.0.40219.1
Project("{FAE04EC0-301F-11D3-BF4B-00C04F79EFBC}") = "BangazonAPI", "BangazonAPI\BangazonAPI.csproj", "{328C5031-33E1-478F-9954-1102DEA9A3E5}"
EndProject
Project("{FAE04EC0-301F-11D3-BF4B-00C04F79EFBC}") = "BangazonAPITest", "BangazonAPITest\BangazonAPITest.csproj", "{A02823F0-C5E8-4F9B-A723-4AC590481C2B}"
EndProject
Global
	GlobalSection(SolutionConfigurationPlatforms) = preSolution
		Debug|Any CPU = Debug|Any CPU
		Release|Any CPU = Release|Any CPU
	EndGlobalSection
	GlobalSection(ProjectConfigurationPlatforms) = postSolution
		{328C5031-33E1-478F-9954-1102DEA9A3E5}.Debug|Any CPU.ActiveCfg = Debug|Any CPU
		{328C5031-33E1-478F-9954-1102DEA9A3E5}.Debug|Any CPU.Build.0 = Debug|Any CPU
		{328C5031-33E1-478F-9954-1102DEA9A3E5}.Release|Any CPU.ActiveCfg = Release|Any CPU
		{328C5031-33E1-478F-9954-1102DEA9A3E5}.Release|Any CPU.Build.0 = Release|Any CPU
		{A02823F0-C5E8-4F9B-A723-4AC590481C2B}.Debug|Any CPU.ActiveCfg = Debug|Any CPU
		{A02823F0-C5E8-4F9B-A723-4AC590481C2B}.Debug|Any CPU.Build.0 = Debug|Any CPU
		{A02823F0-C5E8-4F9B-A723-4AC590481C2B}.Release|Any CPU.ActiveCfg = Release|Any CPU
		{A02823F0-C5E8-4F9B-A723-4AC590481C2B}.Release|Any CPU.Build.0 = Release|Any CPU
	EndGlobalSection
	GlobalSection(SolutionProperties) = preSolution
		HideSolutionNode = FALSE
	EndGlobalSection
	GlobalSection(ExtensibilityGlobals) = postSolution
		SolutionGuid = {9747A91B-999C-4156-8BE9-47DA5BDFC0D1}
	EndGlobalSection
EndGlobal
